
Microsoft Visual Studio Solution File, Format Version 12.00
# Visual Studio 14
VisualStudioVersion = 14.0.25420.1
MinimumVisualStudioVersion = 10.0.40219.1
Project("{FAE04EC0-301F-11D3-BF4B-00C04F79EFBC}") = "ScheduledJobOverview", "src\ScheduledJobOverview\ScheduledJobOverview.csproj", "{CE78F8FE-D1BF-4E8F-A13C-A3A717B40A88}"
EndProject
Project("{2150E333-8FDC-42A3-9474-1A3956D46DE8}") = "Solution Items", "Solution Items", "{2CAB9BF3-6265-4462-A118-718287193065}"
	ProjectSection(SolutionItems) = preProject
		README.md = README.md
	EndProjectSection
EndProject
Project("{FAE04EC0-301F-11D3-BF4B-00C04F79EFBC}") = "ScheduledJobOverview.UnitTests", "tests\ScheduledJobOverview.UnitTests\ScheduledJobOverview.UnitTests.csproj", "{453D3629-F676-4FBE-B013-D001866EBA8A}"
EndProject
Project("{FAE04EC0-301F-11D3-BF4B-00C04F79EFBC}") = "SampleWebApp", "tests\SampleWebApp\SampleWebApp.csproj", "{DD5C45FC-C2D8-4377-A587-758B33B2B0A3}"
EndProject
Project("{2150E333-8FDC-42A3-9474-1A3956D46DE8}") = "Tests", "Tests", "{F5A26048-3FE4-467F-BA71-8CCCAD726A39}"
EndProject
Global
	GlobalSection(SolutionConfigurationPlatforms) = preSolution
		Debug|Any CPU = Debug|Any CPU
		Release|Any CPU = Release|Any CPU
		Verify|Any CPU = Verify|Any CPU
	EndGlobalSection
	GlobalSection(ProjectConfigurationPlatforms) = postSolution
		{CE78F8FE-D1BF-4E8F-A13C-A3A717B40A88}.Debug|Any CPU.ActiveCfg = Debug|Any CPU
		{CE78F8FE-D1BF-4E8F-A13C-A3A717B40A88}.Release|Any CPU.ActiveCfg = Release|Any CPU
		{CE78F8FE-D1BF-4E8F-A13C-A3A717B40A88}.Release|Any CPU.Build.0 = Release|Any CPU
		{CE78F8FE-D1BF-4E8F-A13C-A3A717B40A88}.Verify|Any CPU.ActiveCfg = Release|Any CPU
		{CE78F8FE-D1BF-4E8F-A13C-A3A717B40A88}.Verify|Any CPU.Build.0 = Release|Any CPU
		{453D3629-F676-4FBE-B013-D001866EBA8A}.Debug|Any CPU.ActiveCfg = Debug|Any CPU
		{453D3629-F676-4FBE-B013-D001866EBA8A}.Debug|Any CPU.Build.0 = Debug|Any CPU
		{453D3629-F676-4FBE-B013-D001866EBA8A}.Release|Any CPU.ActiveCfg = Release|Any CPU
		{453D3629-F676-4FBE-B013-D001866EBA8A}.Release|Any CPU.Build.0 = Release|Any CPU
		{453D3629-F676-4FBE-B013-D001866EBA8A}.Verify|Any CPU.ActiveCfg = Release|Any CPU
		{453D3629-F676-4FBE-B013-D001866EBA8A}.Verify|Any CPU.Build.0 = Release|Any CPU
		{DD5C45FC-C2D8-4377-A587-758B33B2B0A3}.Debug|Any CPU.ActiveCfg = Debug|Any CPU
		{DD5C45FC-C2D8-4377-A587-758B33B2B0A3}.Debug|Any CPU.Build.0 = Debug|Any CPU
		{DD5C45FC-C2D8-4377-A587-758B33B2B0A3}.Release|Any CPU.ActiveCfg = Release|Any CPU
		{DD5C45FC-C2D8-4377-A587-758B33B2B0A3}.Release|Any CPU.Build.0 = Release|Any CPU
		{DD5C45FC-C2D8-4377-A587-758B33B2B0A3}.Verify|Any CPU.ActiveCfg = Release|Any CPU
		{DD5C45FC-C2D8-4377-A587-758B33B2B0A3}.Verify|Any CPU.Build.0 = Release|Any CPU
	EndGlobalSection
	GlobalSection(SolutionProperties) = preSolution
		HideSolutionNode = FALSE
	EndGlobalSection
	GlobalSection(NestedProjects) = preSolution
		{453D3629-F676-4FBE-B013-D001866EBA8A} = {F5A26048-3FE4-467F-BA71-8CCCAD726A39}
		{DD5C45FC-C2D8-4377-A587-758B33B2B0A3} = {F5A26048-3FE4-467F-BA71-8CCCAD726A39}
	EndGlobalSection
EndGlobal
