
Microsoft Visual Studio Solution File, Format Version 12.00
# Visual Studio 2012
Project("{FAE04EC0-301F-11D3-BF4B-00C04F79EFBC}") = "TechFellow.ScheduledJobOverview.Addon", "TechFellow.ScheduledJobOverview.Addon.csproj", "{CE78F8FE-D1BF-4E8F-A13C-A3A717B40A88}"
EndProject
Global
	GlobalSection(SolutionConfigurationPlatforms) = preSolution
		Debug - AddOn - Deploy|Any CPU = Debug - AddOn - Deploy|Any CPU
		Debug - AddOn|Any CPU = Debug - AddOn|Any CPU
		Debug - Deploy|Any CPU = Debug - Deploy|Any CPU
		Debug|Any CPU = Debug|Any CPU
		Release - AddOn|Any CPU = Release - AddOn|Any CPU
		Release|Any CPU = Release|Any CPU
	EndGlobalSection
	GlobalSection(ProjectConfigurationPlatforms) = postSolution
		{CE78F8FE-D1BF-4E8F-A13C-A3A717B40A88}.Debug - AddOn - Deploy|Any CPU.ActiveCfg = Debug - AddOn - Deploy|Any CPU
		{CE78F8FE-D1BF-4E8F-A13C-A3A717B40A88}.Debug - AddOn - Deploy|Any CPU.Build.0 = Debug - AddOn - Deploy|Any CPU
		{CE78F8FE-D1BF-4E8F-A13C-A3A717B40A88}.Debug - AddOn|Any CPU.ActiveCfg = Debug - AddOn|Any CPU
		{CE78F8FE-D1BF-4E8F-A13C-A3A717B40A88}.Debug - AddOn|Any CPU.Build.0 = Debug - AddOn|Any CPU
		{CE78F8FE-D1BF-4E8F-A13C-A3A717B40A88}.Debug - Deploy|Any CPU.ActiveCfg = Debug - Deploy|Any CPU
		{CE78F8FE-D1BF-4E8F-A13C-A3A717B40A88}.Debug - Deploy|Any CPU.Build.0 = Debug - Deploy|Any CPU
		{CE78F8FE-D1BF-4E8F-A13C-A3A717B40A88}.Debug|Any CPU.ActiveCfg = Debug|Any CPU
		{CE78F8FE-D1BF-4E8F-A13C-A3A717B40A88}.Debug|Any CPU.Build.0 = Debug|Any CPU
		{CE78F8FE-D1BF-4E8F-A13C-A3A717B40A88}.Release - AddOn|Any CPU.ActiveCfg = Release - AddOn|Any CPU
		{CE78F8FE-D1BF-4E8F-A13C-A3A717B40A88}.Release - AddOn|Any CPU.Build.0 = Release - AddOn|Any CPU
		{CE78F8FE-D1BF-4E8F-A13C-A3A717B40A88}.Release|Any CPU.ActiveCfg = Release|Any CPU
		{CE78F8FE-D1BF-4E8F-A13C-A3A717B40A88}.Release|Any CPU.Build.0 = Release|Any CPU
	EndGlobalSection
	GlobalSection(SolutionProperties) = preSolution
		HideSolutionNode = FALSE
	EndGlobalSection
EndGlobal
